# This file is automatically @generated by Cargo.
# It is not intended for manual editing.
[[package]]
name = "binary_search"
version = "0.1.0"

[[package]]
name = "bit_manipulation"
version = "0.1.0"

[[package]]
name = "dynamic_programming"
version = "0.1.0"

[[package]]
name = "greedy"
version = "0.1.0"

[[package]]
name = "hash_table"
version = "0.1.0"

[[package]]
name = "linked_list"
version = "0.1.0"

[[package]]
name = "math"
version = "0.1.0"

[[package]]
name = "playground"
version = "0.1.0"
dependencies = [
 "tree",
]

[[package]]
name = "sort"
version = "0.1.0"

[[package]]
name = "string"
version = "0.1.0"

[[package]]
name = "tree"
version = "0.1.0"

[[package]]
name = "two_pointers"
version = "0.1.0"
